
Microsoft Visual Studio Solution File, Format Version 12.00
# Visual Studio 2012
Project("{FAE04EC0-301F-11D3-BF4B-00C04F79EFBC}") = "WebElementExtensions", "WebElementExtensions\WebElementExtensions.csproj", "{884BAFD6-A4B2-4879-BCFA-A9295C65EB2E}"
EndProject
Global
		SccNumberOfProjects = 2
		SccEnterpriseProvider = {4CA58AB2-18FA-4F8D-95D4-32DDF27D184C}
		SccTeamFoundationServer = http://tfs2012_at:8080/tfs/chr
		SccLocalPath0 = .
		SccProjectUniqueName1 = WebElementExtensions\\WebElementExtensions.csproj
		SccProjectName1 = WebElementExtensions
		SccLocalPath1 = WebElementExtensions
	EndGlobalSection
	GlobalSection(SolutionConfigurationPlatforms) = preSolution
		Debug|Any CPU = Debug|Any CPU
		Release|Any CPU = Release|Any CPU
	EndGlobalSection
	GlobalSection(ProjectConfigurationPlatforms) = postSolution
		{884BAFD6-A4B2-4879-BCFA-A9295C65EB2E}.Debug|Any CPU.ActiveCfg = Debug|Any CPU
		{884BAFD6-A4B2-4879-BCFA-A9295C65EB2E}.Debug|Any CPU.Build.0 = Debug|Any CPU
		{884BAFD6-A4B2-4879-BCFA-A9295C65EB2E}.Release|Any CPU.ActiveCfg = Release|Any CPU
		{884BAFD6-A4B2-4879-BCFA-A9295C65EB2E}.Release|Any CPU.Build.0 = Release|Any CPU
	EndGlobalSection
	GlobalSection(SolutionProperties) = preSolution
		HideSolutionNode = FALSE
	EndGlobalSection
EndGlobal
